PODS:
  - XYIAPKit (0.4.0):
    - XYIAPKit/Core (= 0.4.0)
  - XYIAPKit/Core (0.4.0)

DEPENDENCIES:
  - XYIAPKit (from `../`)
  - XYIAPKit/Core (from `../`)

EXTERNAL SOURCES:
  XYIAPKit:
    :path: ../

SPEC CHECKSUMS:
  XYIAPKit: e7b820f8c2d112c04b1c3579ea4482b0ca853220

PODFILE CHECKSUM: 873f001b34af209e0cba08ee4ff05db7cfe744f3

COCOAPODS: 1.4.0
